{
  "version": 4,
  "terraform_version": "1.1.8",
  "serial": 938,
  "lineage": "2cb15338-fd7d-ea45-ee44-e1f26c377a76",
  "outputs": {},
  "resources": [
    {
      "module": "module.alloy_alb",
      "mode": "data",
      "type": "aws_caller_identity",
      "name": "current",
      "provider": "provider[\"registry.terraform.io/hashicorp/aws\"]",
      "instances": [
        {
          "schema_version": 0,
          "attributes": {
            "account_id": "388280496866",
            "arn": "arn:aws:iam::388280496866:user/terraform_user",
            "id": "388280496866",
            "user_id": "AIDAVUZ2SGLRBTR2U7J6K"
          },
          "sensitive_attributes": []
        }
      ]
    },
    {
      "module": "module.alloy_alb",
      "mode": "data",
      "type": "aws_iam_policy_document",
      "name": "allow_alb_to_write_logs",
      "provider": "provider[\"registry.terraform.io/hashicorp/aws\"]",
      "instances": [
        {
          "schema_version": 0,
          "attributes": {
            "id": "1283359627",
            "json": "{\n  \"Version\": \"2012-10-17\",\n  \"Statement\": [\n    {\n      \"Sid\": \"1\",\n      \"Effect\": \"Allow\",\n      \"Action\": \"s3:*\",\n      \"Resource\": [\n        \"arn:aws:s3:::alloy-lb-logs-2022-megashby-rnqk/*\",\n        \"arn:aws:s3:::alloy-lb-logs-2022-megashby-rnqk\"\n      ],\n      \"Principal\": {\n        \"AWS\": \"arn:aws:iam::127311923021:root\"\n      }\n    }\n  ]\n}",
            "override_json": null,
            "override_policy_documents": null,
            "policy_id": null,
            "source_json": null,
            "source_policy_documents": null,
            "statement": [
              {
                "actions": [
                  "s3:*"
                ],
                "condition": [],
                "effect": "Allow",
                "not_actions": [],
                "not_principals": [],
                "not_resources": [],
                "principals": [
                  {
                    "identifiers": [
                      "arn:aws:iam::127311923021:root"
                    ],
                    "type": "AWS"
                  }
                ],
                "resources": [
                  "arn:aws:s3:::alloy-lb-logs-2022-megashby-rnqk",
                  "arn:aws:s3:::alloy-lb-logs-2022-megashby-rnqk/*"
                ],
                "sid": "1"
              }
            ],
            "version": "2012-10-17"
          },
          "sensitive_attributes": []
        }
      ]
    },
    {
      "module": "module.alloy_alb",
      "mode": "managed",
      "type": "aws_alb",
      "name": "alb",
      "provider": "provider[\"registry.terraform.io/hashicorp/aws\"]",
      "instances": [
        {
          "schema_version": 0,
          "attributes": {
            "access_logs": [
              {
                "bucket": "alloy-lb-logs-2022-megashby-rnqk",
                "enabled": true,
                "prefix": "alloy-load-balancer"
              }
            ],
            "arn": "arn:aws:elasticloadbalancing:us-east-1:388280496866:loadbalancer/app/alloy-alb/919f45fec8f4dade",
            "arn_suffix": "app/alloy-alb/919f45fec8f4dade",
            "customer_owned_ipv4_pool": "",
            "desync_mitigation_mode": "defensive",
            "dns_name": "alloy-alb-365179243.us-east-1.elb.amazonaws.com",
            "drop_invalid_header_fields": false,
            "enable_cross_zone_load_balancing": null,
            "enable_deletion_protection": false,
            "enable_http2": true,
            "enable_waf_fail_open": false,
            "id": "arn:aws:elasticloadbalancing:us-east-1:388280496866:loadbalancer/app/alloy-alb/919f45fec8f4dade",
            "idle_timeout": 60,
            "internal": false,
            "ip_address_type": "ipv4",
            "load_balancer_type": "application",
            "name": "alloy-alb",
            "name_prefix": null,
            "security_groups": [
              "sg-0f9b40e009afabf74"
            ],
            "subnet_mapping": [
              {
                "allocation_id": "",
                "ipv6_address": "",
                "outpost_id": "",
                "private_ipv4_address": "",
                "subnet_id": "subnet-085b896b0fe5feb41"
              },
              {
                "allocation_id": "",
                "ipv6_address": "",
                "outpost_id": "",
                "private_ipv4_address": "",
                "subnet_id": "subnet-0cb72284ed0e34cb8"
              }
            ],
            "subnets": [
              "subnet-085b896b0fe5feb41",
              "subnet-0cb72284ed0e34cb8"
            ],
            "tags": {
              "Name": "alloy alb"
            },
            "tags_all": {
              "Name": "alloy alb"
            },
            "timeouts": null,
            "vpc_id": "vpc-0a9366d02b041c665",
            "zone_id": "Z35SXDOTRQ7X7K"
          },
          "sensitive_attributes": [],
          "private": "eyJlMmJmYjczMC1lY2FhLTExZTYtOGY4OC0zNDM2M2JjN2M0YzAiOnsiY3JlYXRlIjo2MDAwMDAwMDAwMDAsImRlbGV0ZSI6NjAwMDAwMDAwMDAwLCJ1cGRhdGUiOjYwMDAwMDAwMDAwMH19",
          "dependencies": [
            "module.alloy_alb.aws_s3_bucket.lb_logs",
            "module.alloy_alb.random_string.random",
            "module.alloy_networking.aws_security_group.web_sg",
            "module.alloy_networking.aws_subnet.web_subnet",
            "module.alloy_networking.aws_vpc.vpc"
          ]
        }
      ]
    },
    {
      "module": "module.alloy_alb",
      "mode": "managed",
      "type": "aws_alb_listener",
      "name": "ecs_api_http_listener",
      "provider": "provider[\"registry.terraform.io/hashicorp/aws\"]",
      "instances": [
        {
          "schema_version": 0,
          "attributes": {
            "alpn_policy": null,
            "arn": "arn:aws:elasticloadbalancing:us-east-1:388280496866:listener/app/alloy-alb/919f45fec8f4dade/003169e15a739d75",
            "certificate_arn": null,
            "default_action": [
              {
                "authenticate_cognito": [],
                "authenticate_oidc": [],
                "fixed_response": [],
                "forward": [],
                "order": 1,
                "redirect": [],
                "target_group_arn": "arn:aws:elasticloadbalancing:us-east-1:388280496866:targetgroup/alloy-alb-target-group/469d15c2fa2f5214",
                "type": "forward"
              }
            ],
            "id": "arn:aws:elasticloadbalancing:us-east-1:388280496866:listener/app/alloy-alb/919f45fec8f4dade/003169e15a739d75",
            "load_balancer_arn": "arn:aws:elasticloadbalancing:us-east-1:388280496866:loadbalancer/app/alloy-alb/919f45fec8f4dade",
            "port": 80,
            "protocol": "HTTP",
            "ssl_policy": "",
            "tags": {},
            "tags_all": {},
            "timeouts": null
          },
          "sensitive_attributes": [],
          "private": "eyJlMmJmYjczMC1lY2FhLTExZTYtOGY4OC0zNDM2M2JjN2M0YzAiOnsicmVhZCI6NjAwMDAwMDAwMDAwfX0=",
          "dependencies": [
            "module.alloy_alb.aws_alb.alb",
            "module.alloy_alb.aws_lb_target_group.alb_target_group",
            "module.alloy_alb.aws_s3_bucket.lb_logs",
            "module.alloy_alb.random_string.random",
            "module.alloy_networking.aws_security_group.web_sg",
            "module.alloy_networking.aws_subnet.web_subnet",
            "module.alloy_networking.aws_vpc.vpc"
          ]
        }
      ]
    },
    {
      "module": "module.alloy_alb",
      "mode": "managed",
      "type": "aws_kms_key",
      "name": "lb_logs_key",
      "provider": "provider[\"registry.terraform.io/hashicorp/aws\"]",
      "instances": [
        {
          "schema_version": 0,
          "attributes": {
            "arn": "arn:aws:kms:us-east-1:388280496866:key/bf4a143c-1b70-48e5-b526-782524e4e020",
            "bypass_policy_lockout_safety_check": false,
            "customer_master_key_spec": "SYMMETRIC_DEFAULT",
            "deletion_window_in_days": null,
            "description": "This key is used to encrypt bucket objects",
            "enable_key_rotation": false,
            "id": "bf4a143c-1b70-48e5-b526-782524e4e020",
            "is_enabled": true,
            "key_id": "bf4a143c-1b70-48e5-b526-782524e4e020",
            "key_usage": "ENCRYPT_DECRYPT",
            "multi_region": false,
            "policy": "{\"Id\":\"key-default-1\",\"Statement\":[{\"Action\":\"kms:*\",\"Effect\":\"Allow\",\"Principal\":{\"AWS\":\"arn:aws:iam::388280496866:root\"},\"Resource\":\"*\",\"Sid\":\"Enable IAM User Permissions\"}],\"Version\":\"2012-10-17\"}",
            "tags": {},
            "tags_all": {}
          },
          "sensitive_attributes": [],
          "private": "bnVsbA=="
        }
      ]
    },
    {
      "module": "module.alloy_alb",
      "mode": "managed",
      "type": "aws_lb_target_group",
      "name": "alb_target_group",
      "provider": "provider[\"registry.terraform.io/hashicorp/aws\"]",
      "instances": [
        {
          "schema_version": 0,
          "attributes": {
            "arn": "arn:aws:elasticloadbalancing:us-east-1:388280496866:targetgroup/alloy-alb-target-group/469d15c2fa2f5214",
            "arn_suffix": "targetgroup/alloy-alb-target-group/469d15c2fa2f5214",
            "connection_termination": false,
            "deregistration_delay": "300",
            "health_check": [
              {
                "enabled": true,
                "healthy_threshold": 2,
                "interval": 30,
                "matcher": "200-499",
                "path": "/index.html",
                "port": "80",
                "protocol": "HTTP",
                "timeout": 5,
                "unhealthy_threshold": 3
              }
            ],
            "id": "arn:aws:elasticloadbalancing:us-east-1:388280496866:targetgroup/alloy-alb-target-group/469d15c2fa2f5214",
            "lambda_multi_value_headers_enabled": false,
            "load_balancing_algorithm_type": "round_robin",
            "name": "alloy-alb-target-group",
            "name_prefix": null,
            "port": 80,
            "preserve_client_ip": null,
            "protocol": "HTTP",
            "protocol_version": "HTTP1",
            "proxy_protocol_v2": false,
            "slow_start": 0,
            "stickiness": [
              {
                "cookie_duration": 86400,
                "cookie_name": "",
                "enabled": false,
                "type": "lb_cookie"
              }
            ],
            "tags": {},
            "tags_all": {},
            "target_type": "instance",
            "vpc_id": "vpc-0a9366d02b041c665"
          },
          "sensitive_attributes": [],
          "private": "bnVsbA==",
          "dependencies": [
            "module.alloy_alb.aws_alb.alb",
            "module.alloy_alb.aws_s3_bucket.lb_logs",
            "module.alloy_alb.random_string.random",
            "module.alloy_networking.aws_security_group.web_sg",
            "module.alloy_networking.aws_subnet.web_subnet",
            "module.alloy_networking.aws_vpc.vpc"
          ]
        }
      ]
    },
    {
      "module": "module.alloy_alb",
      "mode": "managed",
      "type": "aws_s3_bucket",
      "name": "lb_logs",
      "provider": "provider[\"registry.terraform.io/hashicorp/aws\"]",
      "instances": [
        {
          "schema_version": 0,
          "attributes": {
            "acceleration_status": "",
            "acl": "private",
            "arn": "arn:aws:s3:::alloy-lb-logs-2022-megashby-rnqk",
            "bucket": "alloy-lb-logs-2022-megashby-rnqk",
            "bucket_domain_name": "alloy-lb-logs-2022-megashby-rnqk.s3.amazonaws.com",
            "bucket_prefix": null,
            "bucket_regional_domain_name": "alloy-lb-logs-2022-megashby-rnqk.s3.amazonaws.com",
            "cors_rule": [],
            "force_destroy": false,
            "grant": [],
            "hosted_zone_id": "Z3AQBSTGFYJSTF",
            "id": "alloy-lb-logs-2022-megashby-rnqk",
            "lifecycle_rule": [],
            "logging": [],
            "object_lock_configuration": [],
            "policy": null,
            "region": "us-east-1",
            "replication_configuration": [],
            "request_payer": "BucketOwner",
            "server_side_encryption_configuration": [
              {
                "rule": [
                  {
                    "apply_server_side_encryption_by_default": [
                      {
                        "kms_master_key_id": "",
                        "sse_algorithm": "AES256"
                      }
                    ],
                    "bucket_key_enabled": false
                  }
                ]
              }
            ],
            "tags": {},
            "tags_all": {},
            "versioning": [
              {
                "enabled": false,
                "mfa_delete": false
              }
            ],
            "website": [],
            "website_domain": null,
            "website_endpoint": null
          },
          "sensitive_attributes": [],
          "private": "bnVsbA==",
          "dependencies": [
            "module.alloy_alb.random_string.random"
          ]
        }
      ]
    },
    {
      "module": "module.alloy_alb",
      "mode": "managed",
      "type": "aws_s3_bucket_policy",
      "name": "allow_alb_to_write_logs",
      "provider": "provider[\"registry.terraform.io/hashicorp/aws\"]",
      "instances": [
        {
          "schema_version": 0,
          "attributes": {
            "bucket": "alloy-lb-logs-2022-megashby-rnqk",
            "id": "alloy-lb-logs-2022-megashby-rnqk",
            "policy": "{\"Statement\":[{\"Action\":\"s3:*\",\"Effect\":\"Allow\",\"Principal\":{\"AWS\":\"arn:aws:iam::127311923021:root\"},\"Resource\":[\"arn:aws:s3:::alloy-lb-logs-2022-megashby-rnqk/*\",\"arn:aws:s3:::alloy-lb-logs-2022-megashby-rnqk\"],\"Sid\":\"1\"}],\"Version\":\"2012-10-17\"}"
          },
          "sensitive_attributes": [],
          "private": "bnVsbA==",
          "dependencies": [
            "module.alloy_alb.aws_s3_bucket.lb_logs",
            "module.alloy_alb.data.aws_iam_policy_document.allow_alb_to_write_logs",
            "module.alloy_alb.random_string.random"
          ]
        }
      ]
    },
    {
      "module": "module.alloy_alb",
      "mode": "managed",
      "type": "aws_ssm_parameter",
      "name": "cw_agent",
      "provider": "provider[\"registry.terraform.io/hashicorp/aws\"]",
      "instances": [
        {
          "schema_version": 0,
          "attributes": {
            "allowed_pattern": "",
            "arn": "arn:aws:ssm:us-east-1:388280496866:parameter/cloudwatch-agent/config",
            "data_type": "text",
            "description": "Cloudwatch agent config to configure logging",
            "id": "/cloudwatch-agent/config",
            "key_id": "",
            "name": "/cloudwatch-agent/config",
            "overwrite": null,
            "tags": {},
            "tags_all": {},
            "tier": "Standard",
            "type": "String",
            "value": "{\r\n  \"agent\": {\r\n    \"metrics_collection_interval\": 10\r\n  },\r\n  \"metrics\": {\r\n    \"metrics_collected\": {\r\n      \"disk\": {\r\n        \"resources\": [\"/\", \"/tmp\"],\r\n        \"measurement\": [\"disk_used_percent\"],\r\n        \"ignore_file_system_types\": [\"sysfs\", \"devtmpfs\"]\r\n      },\r\n      \"mem\": {\r\n        \"measurement\": [\"mem_available_percent\"]\r\n      }\r\n    },\r\n    \"aggregation_dimensions\": [[\"InstanceId\", \"InstanceType\"], [\"InstanceId\"]]\r\n  }\r\n}",
            "version": 1
          },
          "sensitive_attributes": [],
          "private": "bnVsbA=="
        }
      ]
    },
    {
      "module": "module.alloy_alb",
      "mode": "managed",
      "type": "random_string",
      "name": "random",
      "provider": "provider[\"registry.terraform.io/hashicorp/random\"]",
      "instances": [
        {
          "schema_version": 1,
          "attributes": {
            "id": "rnqk",
            "keepers": null,
            "length": 4,
            "lower": true,
            "min_lower": 0,
            "min_numeric": 0,
            "min_special": 0,
            "min_upper": 0,
            "number": false,
            "override_special": null,
            "result": "rnqk",
            "special": false,
            "upper": false
          },
          "sensitive_attributes": [],
          "private": "eyJzY2hlbWFfdmVyc2lvbiI6IjEifQ=="
        }
      ]
    },
    {
      "module": "module.alloy_asg",
      "mode": "data",
      "type": "aws_ami",
      "name": "amazon-linux",
      "provider": "provider[\"registry.terraform.io/hashicorp/aws\"]",
      "instances": [
        {
          "schema_version": 0,
          "attributes": {
            "architecture": "x86_64",
            "arn": "arn:aws:ec2:us-east-1::image/ami-07905bdf3e601a096",
            "block_device_mappings": [
              {
                "device_name": "/dev/xvda",
                "ebs": {
                  "delete_on_termination": "true",
                  "encrypted": "false",
                  "iops": "0",
                  "snapshot_id": "snap-05f6d2a16262e4254",
                  "throughput": "0",
                  "volume_size": "8",
                  "volume_type": "standard"
                },
                "no_device": "",
                "virtual_name": ""
              }
            ],
            "creation_date": "2022-03-16T01:12:11.000Z",
            "description": "Amazon Linux AMI 2018.03.0.20220315.0 x86_64 HVM ebs",
            "ena_support": true,
            "executable_users": null,
            "filter": [
              {
                "name": "name",
                "values": [
                  "amzn-ami-hvm-*-x86_64-ebs"
                ]
              }
            ],
            "hypervisor": "xen",
            "id": "ami-07905bdf3e601a096",
            "image_id": "ami-07905bdf3e601a096",
            "image_location": "amazon/amzn-ami-hvm-2018.03.0.20220315.0-x86_64-ebs",
            "image_owner_alias": "amazon",
            "image_type": "machine",
            "kernel_id": null,
            "most_recent": true,
            "name": "amzn-ami-hvm-2018.03.0.20220315.0-x86_64-ebs",
            "name_regex": null,
            "owner_id": "137112412989",
            "owners": [
              "amazon"
            ],
            "platform": null,
            "platform_details": "Linux/UNIX",
            "product_codes": [],
            "public": true,
            "ramdisk_id": null,
            "root_device_name": "/dev/xvda",
            "root_device_type": "ebs",
            "root_snapshot_id": "snap-05f6d2a16262e4254",
            "sriov_net_support": "simple",
            "state": "available",
            "state_reason": {
              "code": "UNSET",
              "message": "UNSET"
            },
            "tags": {},
            "usage_operation": "RunInstances",
            "virtualization_type": "hvm"
          },
          "sensitive_attributes": []
        }
      ]
    },
    {
      "module": "module.alloy_asg",
      "mode": "managed",
      "type": "aws_autoscaling_group",
      "name": "asg",
      "provider": "provider[\"registry.terraform.io/hashicorp/aws\"]",
      "instances": [
        {
          "schema_version": 0,
          "attributes": {
            "arn": "arn:aws:autoscaling:us-east-1:388280496866:autoScalingGroup:cae1a791-54c7-4371-bd9f-514c046bbb1e:autoScalingGroupName/Alloy-ASG",
            "availability_zones": [
              "us-east-1c",
              "us-east-1d"
            ],
            "capacity_rebalance": false,
            "default_cooldown": 300,
            "desired_capacity": 2,
            "enabled_metrics": [],
            "force_delete": false,
            "force_delete_warm_pool": false,
            "health_check_grace_period": 300,
            "health_check_type": "EC2",
            "id": "Alloy-ASG",
            "initial_lifecycle_hook": [],
            "instance_refresh": [],
            "launch_configuration": "ec2 launch configuration",
            "launch_template": [],
            "load_balancers": [],
            "max_instance_lifetime": 0,
            "max_size": 5,
            "metrics_granularity": "1Minute",
            "min_elb_capacity": null,
            "min_size": 2,
            "mixed_instances_policy": [],
            "name": "Alloy-ASG",
            "name_prefix": "",
            "placement_group": "",
            "protect_from_scale_in": false,
            "service_linked_role_arn": "arn:aws:iam::388280496866:role/aws-service-role/autoscaling.amazonaws.com/AWSServiceRoleForAutoScaling",
            "suspended_processes": [],
            "tag": [],
            "tags": null,
            "target_group_arns": [
              "arn:aws:elasticloadbalancing:us-east-1:388280496866:targetgroup/alloy-alb-target-group/469d15c2fa2f5214"
            ],
            "termination_policies": [],
            "timeouts": null,
            "vpc_zone_identifier": [
              "subnet-006277fefa8f2147c",
              "subnet-08eccda35bbd89658"
            ],
            "wait_for_capacity_timeout": "10m",
            "wait_for_elb_capacity": null,
            "warm_pool": []
          },
          "sensitive_attributes": [],
          "private": "eyJlMmJmYjczMC1lY2FhLTExZTYtOGY4OC0zNDM2M2JjN2M0YzAiOnsiZGVsZXRlIjo2MDAwMDAwMDAwMDB9fQ==",
          "dependencies": [
            "module.alloy_alb.aws_alb.alb",
            "module.alloy_alb.aws_lb_target_group.alb_target_group",
            "module.alloy_alb.aws_s3_bucket.lb_logs",
            "module.alloy_alb.random_string.random",
            "module.alloy_asg.aws_launch_configuration.launch_config",
            "module.alloy_asg.data.aws_ami.amazon-linux",
            "module.alloy_iam.aws_iam_instance_profile.ec2_instance_profile",
            "module.alloy_iam.aws_iam_role.ec2_iam_role",
            "module.alloy_networking.aws_security_group.app_sg",
            "module.alloy_networking.aws_security_group.web_sg",
            "module.alloy_networking.aws_subnet.app_subnet",
            "module.alloy_networking.aws_subnet.web_subnet",
            "module.alloy_networking.aws_vpc.vpc"
          ]
        }
      ]
    },
    {
      "module": "module.alloy_asg",
      "mode": "managed",
      "type": "aws_autoscaling_policy",
      "name": "asg_scale_down",
      "provider": "provider[\"registry.terraform.io/hashicorp/aws\"]",
      "instances": [
        {
          "schema_version": 0,
          "attributes": {
            "adjustment_type": "ChangeInCapacity",
            "arn": "arn:aws:autoscaling:us-east-1:388280496866:scalingPolicy:8837ac97-71a4-4340-aa2c-37fb43ccaded:autoScalingGroupName/Alloy-ASG:policyName/asg-scale-down",
            "autoscaling_group_name": "Alloy-ASG",
            "cooldown": 120,
            "estimated_instance_warmup": 0,
            "id": "asg-scale-down",
            "metric_aggregation_type": "",
            "min_adjustment_magnitude": null,
            "name": "asg-scale-down",
            "policy_type": "SimpleScaling",
            "predictive_scaling_configuration": [],
            "scaling_adjustment": -1,
            "step_adjustment": [],
            "target_tracking_configuration": []
          },
          "sensitive_attributes": [],
          "private": "bnVsbA==",
          "dependencies": [
            "module.alloy_alb.aws_alb.alb",
            "module.alloy_alb.aws_lb_target_group.alb_target_group",
            "module.alloy_alb.aws_s3_bucket.lb_logs",
            "module.alloy_alb.random_string.random",
            "module.alloy_asg.aws_autoscaling_group.asg",
            "module.alloy_asg.aws_launch_configuration.launch_config",
            "module.alloy_asg.data.aws_ami.amazon-linux",
            "module.alloy_iam.aws_iam_instance_profile.ec2_instance_profile",
            "module.alloy_iam.aws_iam_role.ec2_iam_role",
            "module.alloy_networking.aws_security_group.app_sg",
            "module.alloy_networking.aws_security_group.web_sg",
            "module.alloy_networking.aws_subnet.app_subnet",
            "module.alloy_networking.aws_subnet.web_subnet",
            "module.alloy_networking.aws_vpc.vpc"
          ]
        }
      ]
    },
    {
      "module": "module.alloy_asg",
      "mode": "managed",
      "type": "aws_autoscaling_policy",
      "name": "asg_scale_up",
      "provider": "provider[\"registry.terraform.io/hashicorp/aws\"]",
      "instances": [
        {
          "schema_version": 0,
          "attributes": {
            "adjustment_type": "ChangeInCapacity",
            "arn": "arn:aws:autoscaling:us-east-1:388280496866:scalingPolicy:4ed47128-4fb7-4592-82a1-93daffe14c31:autoScalingGroupName/Alloy-ASG:policyName/asg-scale-up",
            "autoscaling_group_name": "Alloy-ASG",
            "cooldown": 120,
            "estimated_instance_warmup": 0,
            "id": "asg-scale-up",
            "metric_aggregation_type": "",
            "min_adjustment_magnitude": null,
            "name": "asg-scale-up",
            "policy_type": "SimpleScaling",
            "predictive_scaling_configuration": [],
            "scaling_adjustment": 1,
            "step_adjustment": [],
            "target_tracking_configuration": []
          },
          "sensitive_attributes": [],
          "private": "bnVsbA==",
          "dependencies": [
            "module.alloy_alb.aws_alb.alb",
            "module.alloy_alb.aws_lb_target_group.alb_target_group",
            "module.alloy_alb.aws_s3_bucket.lb_logs",
            "module.alloy_alb.random_string.random",
            "module.alloy_asg.aws_autoscaling_group.asg",
            "module.alloy_asg.aws_launch_configuration.launch_config",
            "module.alloy_asg.data.aws_ami.amazon-linux",
            "module.alloy_iam.aws_iam_instance_profile.ec2_instance_profile",
            "module.alloy_iam.aws_iam_role.ec2_iam_role",
            "module.alloy_networking.aws_security_group.app_sg",
            "module.alloy_networking.aws_security_group.web_sg",
            "module.alloy_networking.aws_subnet.app_subnet",
            "module.alloy_networking.aws_subnet.web_subnet",
            "module.alloy_networking.aws_vpc.vpc"
          ]
        }
      ]
    },
    {
      "module": "module.alloy_asg",
      "mode": "managed",
      "type": "aws_cloudwatch_metric_alarm",
      "name": "scale_down_alarm",
      "provider": "provider[\"registry.terraform.io/hashicorp/aws\"]",
      "instances": [
        {
          "schema_version": 1,
          "attributes": {
            "actions_enabled": true,
            "alarm_actions": [
              "arn:aws:autoscaling:us-east-1:388280496866:scalingPolicy:8837ac97-71a4-4340-aa2c-37fb43ccaded:autoScalingGroupName/Alloy-ASG:policyName/asg-scale-down"
            ],
            "alarm_description": "Monitors CPU utilization for Terramino ASG",
            "alarm_name": "asg_scale_down",
            "arn": "arn:aws:cloudwatch:us-east-1:388280496866:alarm:asg_scale_down",
            "comparison_operator": "LessThanOrEqualToThreshold",
            "datapoints_to_alarm": 0,
            "dimensions": {
              "AutoScalingGroupName": "Alloy-ASG"
            },
            "evaluate_low_sample_count_percentiles": "",
            "evaluation_periods": 2,
            "extended_statistic": "",
            "id": "asg_scale_down",
            "insufficient_data_actions": [],
            "metric_name": "CPUUtilization",
            "metric_query": [],
            "namespace": "AWS/EC2",
            "ok_actions": [],
            "period": 120,
            "statistic": "Average",
            "tags": {},
            "tags_all": {},
            "threshold": 10,
            "threshold_metric_id": "",
            "treat_missing_data": "missing",
            "unit": ""
          },
          "sensitive_attributes": [],
          "private": "eyJzY2hlbWFfdmVyc2lvbiI6IjEifQ==",
          "dependencies": [
            "module.alloy_alb.aws_alb.alb",
            "module.alloy_alb.aws_lb_target_group.alb_target_group",
            "module.alloy_alb.aws_s3_bucket.lb_logs",
            "module.alloy_alb.random_string.random",
            "module.alloy_asg.aws_autoscaling_group.asg",
            "module.alloy_asg.aws_autoscaling_policy.asg_scale_down",
            "module.alloy_asg.aws_launch_configuration.launch_config",
            "module.alloy_asg.data.aws_ami.amazon-linux",
            "module.alloy_iam.aws_iam_instance_profile.ec2_instance_profile",
            "module.alloy_iam.aws_iam_role.ec2_iam_role",
            "module.alloy_networking.aws_security_group.app_sg",
            "module.alloy_networking.aws_security_group.web_sg",
            "module.alloy_networking.aws_subnet.app_subnet",
            "module.alloy_networking.aws_subnet.web_subnet",
            "module.alloy_networking.aws_vpc.vpc"
          ]
        }
      ]
    },
    {
      "module": "module.alloy_asg",
      "mode": "managed",
      "type": "aws_cloudwatch_metric_alarm",
      "name": "scale_up_alarm",
      "provider": "provider[\"registry.terraform.io/hashicorp/aws\"]",
      "instances": [
        {
          "schema_version": 1,
          "attributes": {
            "actions_enabled": true,
            "alarm_actions": [
              "arn:aws:autoscaling:us-east-1:388280496866:scalingPolicy:8837ac97-71a4-4340-aa2c-37fb43ccaded:autoScalingGroupName/Alloy-ASG:policyName/asg-scale-down"
            ],
            "alarm_description": "Monitors CPU utilization for Terramino ASG",
            "alarm_name": "asg_scale_up",
            "arn": "arn:aws:cloudwatch:us-east-1:388280496866:alarm:asg_scale_up",
            "comparison_operator": "GreaterThanOrEqualToThreshold",
            "datapoints_to_alarm": 0,
            "dimensions": {
              "AutoScalingGroupName": "Alloy-ASG"
            },
            "evaluate_low_sample_count_percentiles": "",
            "evaluation_periods": 2,
            "extended_statistic": "",
            "id": "asg_scale_up",
            "insufficient_data_actions": [],
            "metric_name": "CPUUtilization",
            "metric_query": [],
            "namespace": "AWS/EC2",
            "ok_actions": [],
            "period": 120,
            "statistic": "Average",
            "tags": {},
            "tags_all": {},
            "threshold": 80,
            "threshold_metric_id": "",
            "treat_missing_data": "missing",
            "unit": ""
          },
          "sensitive_attributes": [],
          "private": "eyJzY2hlbWFfdmVyc2lvbiI6IjEifQ==",
          "dependencies": [
            "module.alloy_alb.aws_alb.alb",
            "module.alloy_alb.aws_lb_target_group.alb_target_group",
            "module.alloy_alb.aws_s3_bucket.lb_logs",
            "module.alloy_alb.random_string.random",
            "module.alloy_asg.aws_autoscaling_group.asg",
            "module.alloy_asg.aws_autoscaling_policy.asg_scale_down",
            "module.alloy_asg.aws_launch_configuration.launch_config",
            "module.alloy_asg.data.aws_ami.amazon-linux",
            "module.alloy_iam.aws_iam_instance_profile.ec2_instance_profile",
            "module.alloy_iam.aws_iam_role.ec2_iam_role",
            "module.alloy_networking.aws_security_group.app_sg",
            "module.alloy_networking.aws_security_group.web_sg",
            "module.alloy_networking.aws_subnet.app_subnet",
            "module.alloy_networking.aws_subnet.web_subnet",
            "module.alloy_networking.aws_vpc.vpc"
          ]
        }
      ]
    },
    {
      "module": "module.alloy_asg",
      "mode": "managed",
      "type": "aws_launch_configuration",
      "name": "launch_config",
      "provider": "provider[\"registry.terraform.io/hashicorp/aws\"]",
      "instances": [
        {
          "schema_version": 0,
          "attributes": {
            "arn": "arn:aws:autoscaling:us-east-1:388280496866:launchConfiguration:5a0afaec-92f0-4432-af84-d2baab85ff2c:launchConfigurationName/ec2 launch configuration",
            "associate_public_ip_address": false,
            "ebs_block_device": [],
            "ebs_optimized": false,
            "enable_monitoring": true,
            "ephemeral_block_device": [],
            "iam_instance_profile": "EC2-Profile",
            "id": "ec2 launch configuration",
            "image_id": "ami-07905bdf3e601a096",
            "instance_type": "t2.micro",
            "key_name": "",
            "metadata_options": [],
            "name": "ec2 launch configuration",
            "name_prefix": "",
            "placement_tenancy": null,
            "root_block_device": [],
            "security_groups": [
              "sg-096aa13391a6ae284"
            ],
            "spot_price": "",
            "user_data": "b6b1c5192c4984f9388010426df98965a1fd4d2f",
            "user_data_base64": null,
            "vpc_classic_link_id": "",
            "vpc_classic_link_security_groups": []
          },
          "sensitive_attributes": [],
          "private": "bnVsbA==",
          "dependencies": [
            "module.alloy_asg.data.aws_ami.amazon-linux",
            "module.alloy_iam.aws_iam_instance_profile.ec2_instance_profile",
            "module.alloy_iam.aws_iam_role.ec2_iam_role",
            "module.alloy_networking.aws_security_group.app_sg",
            "module.alloy_networking.aws_vpc.vpc"
          ],
          "create_before_destroy": true
        }
      ]
    },
    {
      "module": "module.alloy_iam",
      "mode": "data",
      "type": "aws_caller_identity",
      "name": "current",
      "provider": "provider[\"registry.terraform.io/hashicorp/aws\"]",
      "instances": [
        {
          "schema_version": 0,
          "attributes": {
            "account_id": "388280496866",
            "arn": "arn:aws:iam::388280496866:user/terraform_user",
            "id": "388280496866",
            "user_id": "AIDAVUZ2SGLRBTR2U7J6K"
          },
          "sensitive_attributes": []
        }
      ]
    },
    {
      "module": "module.alloy_iam",
      "mode": "managed",
      "type": "aws_iam_instance_profile",
      "name": "ec2_instance_profile",
      "provider": "provider[\"registry.terraform.io/hashicorp/aws\"]",
      "instances": [
        {
          "schema_version": 0,
          "attributes": {
            "arn": "arn:aws:iam::388280496866:instance-profile/EC2-Profile",
            "create_date": "2022-04-18T00:27:00Z",
            "id": "EC2-Profile",
            "name": "EC2-Profile",
            "name_prefix": null,
            "path": "/",
            "role": "EC2-Role",
            "tags": {},
            "tags_all": {},
            "unique_id": "AIPAVUZ2SGLRMK4SK7AHF"
          },
          "sensitive_attributes": [],
          "private": "bnVsbA==",
          "dependencies": [
            "module.alloy_iam.aws_iam_role.ec2_iam_role"
          ],
          "create_before_destroy": true
        }
      ]
    },
    {
      "module": "module.alloy_iam",
      "mode": "managed",
      "type": "aws_iam_policy",
      "name": "sm_read_access",
      "provider": "provider[\"registry.terraform.io/hashicorp/aws\"]",
      "instances": [
        {
          "schema_version": 0,
          "attributes": {
            "arn": "arn:aws:iam::388280496866:policy/sm-read-access",
            "description": "sm-read-access",
            "id": "arn:aws:iam::388280496866:policy/sm-read-access",
            "name": "sm-read-access",
            "name_prefix": null,
            "path": "/",
            "policy": "{\"Statement\":[{\"Action\":[\"secretsmanager:GetResourcePolicy\",\"secretsmanager:GetSecretValue\",\"secretsmanager:DescribeSecret\",\"secretsmanager:ListSecretVersionIds\"],\"Effect\":\"Allow\",\"Resource\":[\"arn:aws:secretsmanager:us-east-1:388280496866:secret:alloy-db-master-secret-2-eUpYDW\"]},{\"Action\":\"secretsmanager:ListSecrets\",\"Effect\":\"Allow\",\"Resource\":\"*\"}],\"Version\":\"2012-10-17\"}",
            "policy_id": "ANPAVUZ2SGLRGZFLHR7AC",
            "tags": {},
            "tags_all": {}
          },
          "sensitive_attributes": [],
          "private": "bnVsbA==",
          "dependencies": [
            "module.alloy_rds.aws_secretsmanager_secret.db_master_secret_new"
          ]
        }
      ]
    },
    {
      "module": "module.alloy_iam",
      "mode": "managed",
      "type": "aws_iam_role",
      "name": "ec2_iam_role",
      "provider": "provider[\"registry.terraform.io/hashicorp/aws\"]",
      "instances": [
        {
          "schema_version": 0,
          "attributes": {
            "arn": "arn:aws:iam::388280496866:role/EC2-Role",
            "assume_role_policy": "{\"Version\":\"2012-10-17\",\"Statement\":[{\"Effect\":\"Allow\",\"Principal\":{\"Service\":\"ec2.amazonaws.com\"},\"Action\":\"sts:AssumeRole\"}]}",
            "create_date": "2022-04-18T00:26:59Z",
            "description": "",
            "force_detach_policies": false,
            "id": "EC2-Role",
            "inline_policy": [
              {
                "name": "",
                "policy": ""
              }
            ],
            "managed_policy_arns": [
              "arn:aws:iam::388280496866:policy/sm-read-access",
              "arn:aws:iam::aws:policy/CloudWatchAgentServerPolicy"
            ],
            "max_session_duration": 3600,
            "name": "EC2-Role",
            "name_prefix": "",
            "path": "/",
            "permissions_boundary": null,
            "tags": {},
            "tags_all": {},
            "unique_id": "AROAVUZ2SGLREQYEMND5N"
          },
          "sensitive_attributes": [],
          "private": "bnVsbA==",
          "create_before_destroy": true
        }
      ]
    },
    {
      "module": "module.alloy_iam",
      "mode": "managed",
      "type": "aws_iam_role_policy_attachment",
      "name": "ec2_iam_role_policy_attachment",
      "provider": "provider[\"registry.terraform.io/hashicorp/aws\"]",
      "instances": [
        {
          "schema_version": 0,
          "attributes": {
            "id": "EC2-Role-20220418002700380500000001",
            "policy_arn": "arn:aws:iam::aws:policy/CloudWatchAgentServerPolicy",
            "role": "EC2-Role"
          },
          "sensitive_attributes": [],
          "private": "bnVsbA==",
          "dependencies": [
            "module.alloy_iam.aws_iam_role.ec2_iam_role"
          ]
        }
      ]
    },
    {
      "module": "module.alloy_iam",
      "mode": "managed",
      "type": "aws_iam_role_policy_attachment",
      "name": "ec2_iam_role_policy_attachment_sm",
      "provider": "provider[\"registry.terraform.io/hashicorp/aws\"]",
      "instances": [
        {
          "schema_version": 0,
          "attributes": {
            "id": "EC2-Role-20220418003516622900000001",
            "policy_arn": "arn:aws:iam::388280496866:policy/sm-read-access",
            "role": "EC2-Role"
          },
          "sensitive_attributes": [],
          "private": "bnVsbA==",
          "dependencies": [
            "module.alloy_iam.aws_iam_policy.sm_read_access",
            "module.alloy_iam.aws_iam_role.ec2_iam_role",
            "module.alloy_rds.aws_secretsmanager_secret.db_master_secret_new"
          ]
        }
      ]
    },
    {
      "module": "module.alloy_networking",
      "mode": "data",
      "type": "aws_caller_identity",
      "name": "current",
      "provider": "provider[\"registry.terraform.io/hashicorp/aws\"]",
      "instances": [
        {
          "schema_version": 0,
          "attributes": {
            "account_id": "388280496866",
            "arn": "arn:aws:iam::388280496866:user/terraform_user",
            "id": "388280496866",
            "user_id": "AIDAVUZ2SGLRBTR2U7J6K"
          },
          "sensitive_attributes": []
        }
      ]
    },
    {
      "module": "module.alloy_networking",
      "mode": "managed",
      "type": "aws_eip",
      "name": "nat_gateway_eip",
      "provider": "provider[\"registry.terraform.io/hashicorp/aws\"]",
      "instances": [
        {
          "schema_version": 0,
          "attributes": {
            "address": null,
            "allocation_id": "eipalloc-0ebcc1a81a6663481",
            "associate_with_private_ip": null,
            "association_id": "eipassoc-05b4639877d8c1d61",
            "carrier_ip": "",
            "customer_owned_ip": "",
            "customer_owned_ipv4_pool": "",
            "domain": "vpc",
            "id": "eipalloc-0ebcc1a81a6663481",
            "instance": "",
            "network_border_group": "us-east-1",
            "network_interface": "eni-05828a38a1adb095f",
            "private_dns": "ip-10-0-27-4.ec2.internal",
            "private_ip": "10.0.27.4",
            "public_dns": "ec2-54-156-169-140.compute-1.amazonaws.com",
            "public_ip": "54.156.169.140",
            "public_ipv4_pool": "amazon",
            "tags": {},
            "tags_all": {},
            "timeouts": null,
            "vpc": true
          },
          "sensitive_attributes": [],
          "private": "eyJlMmJmYjczMC1lY2FhLTExZTYtOGY4OC0zNDM2M2JjN2M0YzAiOnsiZGVsZXRlIjoxODAwMDAwMDAwMDAsInJlYWQiOjkwMDAwMDAwMDAwMCwidXBkYXRlIjozMDAwMDAwMDAwMDB9fQ=="
        }
      ]
    },
    {
      "module": "module.alloy_networking",
      "mode": "managed",
      "type": "aws_iam_role",
      "name": "vpc_flow_log_role",
      "provider": "provider[\"registry.terraform.io/hashicorp/aws\"]",
      "instances": [
        {
          "schema_version": 0,
          "attributes": {
            "arn": "arn:aws:iam::388280496866:role/VPC-flow-logs-role",
            "assume_role_policy": "{\"Version\":\"2012-10-17\",\"Statement\":[{\"Sid\":\"\",\"Effect\":\"Allow\",\"Principal\":{\"Service\":\"vpc-flow-logs.amazonaws.com\"},\"Action\":\"sts:AssumeRole\"}]}",
            "create_date": "2022-04-18T00:26:59Z",
            "description": "",
            "force_detach_policies": false,
            "id": "VPC-flow-logs-role",
            "inline_policy": [
              {
                "name": "VPC-flow-logs-cw-logs-policy",
                "policy": "{\r\n  \"Version\": \"2012-10-17\",\r\n  \"Statement\": [\r\n    {\r\n      \"Action\": [\r\n        \"logs:CreateLogGroup\",\r\n        \"logs:CreateLogStream\",\r\n        \"logs:PutLogEvents\",\r\n        \"logs:DescribeLogGroups\",\r\n        \"logs:DescribeLogStreams\"\r\n      ],\r\n      \"Effect\": \"Allow\",\r\n      \"Resource\": \"*\"\r\n    }\r\n  ]\r\n}\r\n"
              }
            ],
            "managed_policy_arns": [],
            "max_session_duration": 3600,
            "name": "VPC-flow-logs-role",
            "name_prefix": "",
            "path": "/",
            "permissions_boundary": null,
            "tags": {},
            "tags_all": {},
            "unique_id": "AROAVUZ2SGLRIHXQISAOV"
          },
          "sensitive_attributes": [],
          "private": "bnVsbA=="
        }
      ]
    },
    {
      "module": "module.alloy_networking",
      "mode": "managed",
      "type": "aws_iam_role_policy",
      "name": "vpc_flow_logs_CW_policy",
      "provider": "provider[\"registry.terraform.io/hashicorp/aws\"]",
      "instances": [
        {
          "schema_version": 0,
          "attributes": {
            "id": "VPC-flow-logs-role:VPC-flow-logs-cw-logs-policy",
            "name": "VPC-flow-logs-cw-logs-policy",
            "name_prefix": null,
            "policy": "{\r\n  \"Version\": \"2012-10-17\",\r\n  \"Statement\": [\r\n    {\r\n      \"Action\": [\r\n        \"logs:CreateLogGroup\",\r\n        \"logs:CreateLogStream\",\r\n        \"logs:PutLogEvents\",\r\n        \"logs:DescribeLogGroups\",\r\n        \"logs:DescribeLogStreams\"\r\n      ],\r\n      \"Effect\": \"Allow\",\r\n      \"Resource\": \"*\"\r\n    }\r\n  ]\r\n}\r\n",
            "role": "VPC-flow-logs-role"
          },
          "sensitive_attributes": [],
          "private": "bnVsbA==",
          "dependencies": [
            "module.alloy_networking.aws_iam_role.vpc_flow_log_role"
          ]
        }
      ]
    },
    {
      "module": "module.alloy_networking",
      "mode": "managed",
      "type": "aws_internet_gateway",
      "name": "public_igw",
      "provider": "provider[\"registry.terraform.io/hashicorp/aws\"]",
      "instances": [
        {
          "schema_version": 0,
          "attributes": {
            "arn": "arn:aws:ec2:us-east-1:388280496866:internet-gateway/igw-074a54038bb0c7bbe",
            "id": "igw-074a54038bb0c7bbe",
            "owner_id": "388280496866",
            "tags": {},
            "tags_all": {},
            "vpc_id": "vpc-0a9366d02b041c665"
          },
          "sensitive_attributes": [],
          "private": "bnVsbA==",
          "dependencies": [
            "module.alloy_networking.aws_vpc.vpc"
          ]
        }
      ]
    },
    {
      "module": "module.alloy_networking",
      "mode": "managed",
      "type": "aws_kms_key",
      "name": "cloudwatch_kms_key",
      "provider": "provider[\"registry.terraform.io/hashicorp/aws\"]",
      "instances": [
        {
          "schema_version": 0,
          "attributes": {
            "arn": "arn:aws:kms:us-east-1:388280496866:key/4ce1d704-9056-4c09-b1f1-bf4d82509993",
            "bypass_policy_lockout_safety_check": false,
            "customer_master_key_spec": "SYMMETRIC_DEFAULT",
            "deletion_window_in_days": null,
            "description": "Used to encrypt cloudwatch log group",
            "enable_key_rotation": true,
            "id": "4ce1d704-9056-4c09-b1f1-bf4d82509993",
            "is_enabled": true,
            "key_id": "4ce1d704-9056-4c09-b1f1-bf4d82509993",
            "key_usage": "ENCRYPT_DECRYPT",
            "multi_region": false,
            "policy": "{\r\n  \"Version\": \"2012-10-17\",\r\n  \"Statement\": [\r\n          {\r\n            \"Sid\": \"Enable IAM User Permissions\",\r\n            \"Effect\": \"Allow\",\r\n            \"Principal\": {\r\n                \"AWS\": \"arn:aws:iam::388280496866:root\"\r\n            },\r\n            \"Action\": \"kms:*\",\r\n            \"Resource\": \"*\"\r\n        },\r\n    {\r\n            \"Effect\": \"Allow\",\r\n            \"Principal\": {\r\n                \"Service\": \"logs.us-east-1.amazonaws.com\"\r\n            },\r\n            \"Action\": [\r\n                \"kms:Encrypt*\",\r\n                \"kms:Decrypt*\",\r\n                \"kms:ReEncrypt*\",\r\n                \"kms:GenerateDataKey*\",\r\n                \"kms:Describe*\"\r\n            ],\r\n            \"Resource\": \"*\"\r\n\r\n        }    \r\n ]\r\n}\r\n",
            "tags": {
              "Name": "alloy kms cw logs key"
            },
            "tags_all": {
              "Name": "alloy kms cw logs key"
            }
          },
          "sensitive_attributes": [],
          "private": "bnVsbA==",
          "dependencies": [
            "module.alloy_networking.data.aws_caller_identity.current"
          ]
        }
      ]
    },
    {
      "module": "module.alloy_networking",
      "mode": "managed",
      "type": "aws_nat_gateway",
      "name": "nat_gateway",
      "provider": "provider[\"registry.terraform.io/hashicorp/aws\"]",
      "instances": [
        {
          "schema_version": 0,
          "attributes": {
            "allocation_id": "eipalloc-0ebcc1a81a6663481",
            "connectivity_type": "public",
            "id": "nat-00c8c0493146f924e",
            "network_interface_id": "eni-05828a38a1adb095f",
            "private_ip": "10.0.27.4",
            "public_ip": "54.156.169.140",
            "subnet_id": "subnet-0cb72284ed0e34cb8",
            "tags": {},
            "tags_all": {}
          },
          "sensitive_attributes": [],
          "private": "bnVsbA==",
          "dependencies": [
            "module.alloy_networking.aws_eip.nat_gateway_eip",
            "module.alloy_networking.aws_subnet.web_subnet",
            "module.alloy_networking.aws_vpc.vpc"
          ]
        }
      ]
    },
    {
      "module": "module.alloy_networking",
      "mode": "managed",
      "type": "aws_route",
      "name": "app_nat_gw_route_ipv4",
      "provider": "provider[\"registry.terraform.io/hashicorp/aws\"]",
      "instances": [
        {
          "schema_version": 0,
          "attributes": {
            "carrier_gateway_id": "",
            "destination_cidr_block": "0.0.0.0/0",
            "destination_ipv6_cidr_block": "",
            "destination_prefix_list_id": "",
            "egress_only_gateway_id": "",
            "gateway_id": "igw-074a54038bb0c7bbe",
            "id": "r-rtb-07036f96d6eceb2631080289494",
            "instance_id": "",
            "instance_owner_id": "",
            "local_gateway_id": "",
            "nat_gateway_id": "",
            "network_interface_id": "",
            "origin": "CreateRoute",
            "route_table_id": "rtb-07036f96d6eceb263",
            "state": "active",
            "timeouts": null,
            "transit_gateway_id": "",
            "vpc_endpoint_id": "",
            "vpc_peering_connection_id": ""
          },
          "sensitive_attributes": [],
          "private": "eyJlMmJmYjczMC1lY2FhLTExZTYtOGY4OC0zNDM2M2JjN2M0YzAiOnsiY3JlYXRlIjoxMjAwMDAwMDAwMDAsImRlbGV0ZSI6MzAwMDAwMDAwMDAwLCJ1cGRhdGUiOjEyMDAwMDAwMDAwMH19",
          "dependencies": [
            "module.alloy_networking.aws_internet_gateway.public_igw",
            "module.alloy_networking.aws_route_table.app_route_table"
          ]
        }
      ]
    },
    {
      "module": "module.alloy_networking",
      "mode": "managed",
      "type": "aws_route",
      "name": "db_nat_gw_route_ipv4",
      "provider": "provider[\"registry.terraform.io/hashicorp/aws\"]",
      "instances": [
        {
          "schema_version": 0,
          "attributes": {
            "carrier_gateway_id": "",
            "destination_cidr_block": "0.0.0.0/0",
            "destination_ipv6_cidr_block": "",
            "destination_prefix_list_id": "",
            "egress_only_gateway_id": "",
            "gateway_id": "",
            "id": "r-rtb-09dfc15f00708a7ee1080289494",
            "instance_id": "",
            "instance_owner_id": "",
            "local_gateway_id": "",
            "nat_gateway_id": "nat-00c8c0493146f924e",
            "network_interface_id": "",
            "origin": "CreateRoute",
            "route_table_id": "rtb-09dfc15f00708a7ee",
            "state": "active",
            "timeouts": null,
            "transit_gateway_id": "",
            "vpc_endpoint_id": "",
            "vpc_peering_connection_id": ""
          },
          "sensitive_attributes": [],
          "private": "eyJlMmJmYjczMC1lY2FhLTExZTYtOGY4OC0zNDM2M2JjN2M0YzAiOnsiY3JlYXRlIjoxMjAwMDAwMDAwMDAsImRlbGV0ZSI6MzAwMDAwMDAwMDAwLCJ1cGRhdGUiOjEyMDAwMDAwMDAwMH19",
          "dependencies": [
            "module.alloy_networking.aws_eip.nat_gateway_eip",
            "module.alloy_networking.aws_nat_gateway.nat_gateway",
            "module.alloy_networking.aws_route_table.db_route_table",
            "module.alloy_networking.aws_subnet.web_subnet",
            "module.alloy_networking.aws_vpc.vpc"
          ]
        }
      ]
    },
    {
      "module": "module.alloy_networking",
      "mode": "managed",
      "type": "aws_route",
      "name": "web_igw_route_ipv4",
      "provider": "provider[\"registry.terraform.io/hashicorp/aws\"]",
      "instances": [
        {
          "schema_version": 0,
          "attributes": {
            "carrier_gateway_id": "",
            "destination_cidr_block": "0.0.0.0/0",
            "destination_ipv6_cidr_block": "",
            "destination_prefix_list_id": "",
            "egress_only_gateway_id": "",
            "gateway_id": "igw-074a54038bb0c7bbe",
            "id": "r-rtb-05175279a5a09fbdc1080289494",
            "instance_id": "",
            "instance_owner_id": "",
            "local_gateway_id": "",
            "nat_gateway_id": "",
            "network_interface_id": "",
            "origin": "CreateRoute",
            "route_table_id": "rtb-05175279a5a09fbdc",
            "state": "active",
            "timeouts": null,
            "transit_gateway_id": "",
            "vpc_endpoint_id": "",
            "vpc_peering_connection_id": ""
          },
          "sensitive_attributes": [],
          "private": "eyJlMmJmYjczMC1lY2FhLTExZTYtOGY4OC0zNDM2M2JjN2M0YzAiOnsiY3JlYXRlIjoxMjAwMDAwMDAwMDAsImRlbGV0ZSI6MzAwMDAwMDAwMDAwLCJ1cGRhdGUiOjEyMDAwMDAwMDAwMH19",
          "dependencies": [
            "module.alloy_networking.aws_internet_gateway.public_igw",
            "module.alloy_networking.aws_route_table.web_route_table",
            "module.alloy_networking.aws_vpc.vpc"
          ]
        }
      ]
    },
    {
      "module": "module.alloy_networking",
      "mode": "managed",
      "type": "aws_route_table",
      "name": "app_route_table",
      "provider": "provider[\"registry.terraform.io/hashicorp/aws\"]",
      "instances": [
        {
          "schema_version": 0,
          "attributes": {
            "arn": "arn:aws:ec2:us-east-1:388280496866:route-table/rtb-07036f96d6eceb263",
            "id": "rtb-07036f96d6eceb263",
            "owner_id": "388280496866",
            "propagating_vgws": [],
            "route": [
              {
                "carrier_gateway_id": "",
                "cidr_block": "0.0.0.0/0",
                "destination_prefix_list_id": "",
                "egress_only_gateway_id": "",
                "gateway_id": "",
                "instance_id": "",
                "ipv6_cidr_block": "",
                "local_gateway_id": "",
                "nat_gateway_id": "nat-00c8c0493146f924e",
                "network_interface_id": "",
                "transit_gateway_id": "",
                "vpc_endpoint_id": "",
                "vpc_peering_connection_id": ""
              }
            ],
            "tags": {
              "Name": "alloy app route table"
            },
            "tags_all": {
              "Name": "alloy app route table"
            },
            "timeouts": null,
            "vpc_id": "vpc-0a9366d02b041c665"
          },
          "sensitive_attributes": [],
          "private": "eyJlMmJmYjczMC1lY2FhLTExZTYtOGY4OC0zNDM2M2JjN2M0YzAiOnsiY3JlYXRlIjoxMjAwMDAwMDAwMDAsImRlbGV0ZSI6MzAwMDAwMDAwMDAwLCJ1cGRhdGUiOjEyMDAwMDAwMDAwMH19",
          "dependencies": [
            "module.alloy_networking.aws_vpc.vpc"
          ]
        }
      ]
    },
    {
      "module": "module.alloy_networking",
      "mode": "managed",
      "type": "aws_route_table",
      "name": "db_route_table",
      "provider": "provider[\"registry.terraform.io/hashicorp/aws\"]",
      "instances": [
        {
          "schema_version": 0,
          "attributes": {
            "arn": "arn:aws:ec2:us-east-1:388280496866:route-table/rtb-09dfc15f00708a7ee",
            "id": "rtb-09dfc15f00708a7ee",
            "owner_id": "388280496866",
            "propagating_vgws": [],
            "route": [
              {
                "carrier_gateway_id": "",
                "cidr_block": "0.0.0.0/0",
                "destination_prefix_list_id": "",
                "egress_only_gateway_id": "",
                "gateway_id": "",
                "instance_id": "",
                "ipv6_cidr_block": "",
                "local_gateway_id": "",
                "nat_gateway_id": "nat-00c8c0493146f924e",
                "network_interface_id": "",
                "transit_gateway_id": "",
                "vpc_endpoint_id": "",
                "vpc_peering_connection_id": ""
              }
            ],
            "tags": {
              "Name": "alloy db route table"
            },
            "tags_all": {
              "Name": "alloy db route table"
            },
            "timeouts": null,
            "vpc_id": "vpc-0a9366d02b041c665"
          },
          "sensitive_attributes": [],
          "private": "eyJlMmJmYjczMC1lY2FhLTExZTYtOGY4OC0zNDM2M2JjN2M0YzAiOnsiY3JlYXRlIjoxMjAwMDAwMDAwMDAsImRlbGV0ZSI6MzAwMDAwMDAwMDAwLCJ1cGRhdGUiOjEyMDAwMDAwMDAwMH19",
          "dependencies": [
            "module.alloy_networking.aws_vpc.vpc"
          ]
        }
      ]
    },
    {
      "module": "module.alloy_networking",
      "mode": "managed",
      "type": "aws_route_table",
      "name": "web_route_table",
      "provider": "provider[\"registry.terraform.io/hashicorp/aws\"]",
      "instances": [
        {
          "schema_version": 0,
          "attributes": {
            "arn": "arn:aws:ec2:us-east-1:388280496866:route-table/rtb-05175279a5a09fbdc",
            "id": "rtb-05175279a5a09fbdc",
            "owner_id": "388280496866",
            "propagating_vgws": [],
            "route": [
              {
                "carrier_gateway_id": "",
                "cidr_block": "0.0.0.0/0",
                "destination_prefix_list_id": "",
                "egress_only_gateway_id": "",
                "gateway_id": "igw-074a54038bb0c7bbe",
                "instance_id": "",
                "ipv6_cidr_block": "",
                "local_gateway_id": "",
                "nat_gateway_id": "",
                "network_interface_id": "",
                "transit_gateway_id": "",
                "vpc_endpoint_id": "",
                "vpc_peering_connection_id": ""
              }
            ],
            "tags": {
              "Name": "alloy web route table"
            },
            "tags_all": {
              "Name": "alloy web route table"
            },
            "timeouts": null,
            "vpc_id": "vpc-0a9366d02b041c665"
          },
          "sensitive_attributes": [],
          "private": "eyJlMmJmYjczMC1lY2FhLTExZTYtOGY4OC0zNDM2M2JjN2M0YzAiOnsiY3JlYXRlIjoxMjAwMDAwMDAwMDAsImRlbGV0ZSI6MzAwMDAwMDAwMDAwLCJ1cGRhdGUiOjEyMDAwMDAwMDAwMH19",
          "dependencies": [
            "module.alloy_networking.aws_vpc.vpc"
          ]
        }
      ]
    },
    {
      "module": "module.alloy_networking",
      "mode": "managed",
      "type": "aws_route_table_association",
      "name": "app",
      "provider": "provider[\"registry.terraform.io/hashicorp/aws\"]",
      "instances": [
        {
          "index_key": "us-east-1c",
          "schema_version": 0,
          "attributes": {
            "gateway_id": "",
            "id": "rtbassoc-0e6c0ef5cc7f4c714",
            "route_table_id": "rtb-07036f96d6eceb263",
            "subnet_id": "subnet-006277fefa8f2147c"
          },
          "sensitive_attributes": [],
          "private": "bnVsbA==",
          "dependencies": [
            "module.alloy_networking.aws_route_table.app_route_table",
            "module.alloy_networking.aws_subnet.app_subnet",
            "module.alloy_networking.aws_vpc.vpc"
          ]
        },
        {
          "index_key": "us-east-1d",
          "schema_version": 0,
          "attributes": {
            "gateway_id": "",
            "id": "rtbassoc-012616eefde90f86f",
            "route_table_id": "rtb-07036f96d6eceb263",
            "subnet_id": "subnet-08eccda35bbd89658"
          },
          "sensitive_attributes": [],
          "private": "bnVsbA==",
          "dependencies": [
            "module.alloy_networking.aws_route_table.app_route_table",
            "module.alloy_networking.aws_subnet.app_subnet",
            "module.alloy_networking.aws_vpc.vpc"
          ]
        }
      ]
    },
    {
      "module": "module.alloy_networking",
      "mode": "managed",
      "type": "aws_route_table_association",
      "name": "db",
      "provider": "provider[\"registry.terraform.io/hashicorp/aws\"]",
      "instances": [
        {
          "index_key": "us-east-1c",
          "schema_version": 0,
          "attributes": {
            "gateway_id": "",
            "id": "rtbassoc-0bc71761316f0d63b",
            "route_table_id": "rtb-09dfc15f00708a7ee",
            "subnet_id": "subnet-0b44dfa7dcbbc1245"
          },
          "sensitive_attributes": [],
          "private": "bnVsbA==",
          "dependencies": [
            "module.alloy_networking.aws_route_table.db_route_table",
            "module.alloy_networking.aws_subnet.db_subnet",
            "module.alloy_networking.aws_vpc.vpc"
          ]
        },
        {
          "index_key": "us-east-1d",
          "schema_version": 0,
          "attributes": {
            "gateway_id": "",
            "id": "rtbassoc-04b9441fdf467f32e",
            "route_table_id": "rtb-09dfc15f00708a7ee",
            "subnet_id": "subnet-03cd8e79a269009a9"
          },
          "sensitive_attributes": [],
          "private": "bnVsbA==",
          "dependencies": [
            "module.alloy_networking.aws_route_table.db_route_table",
            "module.alloy_networking.aws_subnet.db_subnet",
            "module.alloy_networking.aws_vpc.vpc"
          ]
        }
      ]
    },
    {
      "module": "module.alloy_networking",
      "mode": "managed",
      "type": "aws_route_table_association",
      "name": "web",
      "provider": "provider[\"registry.terraform.io/hashicorp/aws\"]",
      "instances": [
        {
          "index_key": "us-east-1c",
          "schema_version": 0,
          "attributes": {
            "gateway_id": "",
            "id": "rtbassoc-04722d154479bb329",
            "route_table_id": "rtb-05175279a5a09fbdc",
            "subnet_id": "subnet-0cb72284ed0e34cb8"
          },
          "sensitive_attributes": [],
          "private": "bnVsbA==",
          "dependencies": [
            "module.alloy_networking.aws_route_table.web_route_table",
            "module.alloy_networking.aws_subnet.web_subnet",
            "module.alloy_networking.aws_vpc.vpc"
          ]
        },
        {
          "index_key": "us-east-1d",
          "schema_version": 0,
          "attributes": {
            "gateway_id": "",
            "id": "rtbassoc-013e2b1986ae97765",
            "route_table_id": "rtb-05175279a5a09fbdc",
            "subnet_id": "subnet-085b896b0fe5feb41"
          },
          "sensitive_attributes": [],
          "private": "bnVsbA==",
          "dependencies": [
            "module.alloy_networking.aws_route_table.web_route_table",
            "module.alloy_networking.aws_subnet.web_subnet",
            "module.alloy_networking.aws_vpc.vpc"
          ]
        }
      ]
    },
    {
      "module": "module.alloy_networking",
      "mode": "managed",
      "type": "aws_security_group",
      "name": "app_sg",
      "provider": "provider[\"registry.terraform.io/hashicorp/aws\"]",
      "instances": [
        {
          "schema_version": 1,
          "attributes": {
            "arn": "arn:aws:ec2:us-east-1:388280496866:security-group/sg-096aa13391a6ae284",
            "description": "app sg",
            "egress": [
              {
                "cidr_blocks": [
                  "0.0.0.0/0"
                ],
                "description": "",
                "from_port": 0,
                "ipv6_cidr_blocks": [],
                "prefix_list_ids": [],
                "protocol": "-1",
                "security_groups": [],
                "self": false,
                "to_port": 0
              }
            ],
            "id": "sg-096aa13391a6ae284",
            "ingress": [
              {
                "cidr_blocks": [
                  "0.0.0.0/0"
                ],
                "description": "",
                "from_port": 443,
                "ipv6_cidr_blocks": [],
                "prefix_list_ids": [],
                "protocol": "tcp",
                "security_groups": [
                  "sg-0f9b40e009afabf74"
                ],
                "self": false,
                "to_port": 443
              },
              {
                "cidr_blocks": [
                  "0.0.0.0/0"
                ],
                "description": "",
                "from_port": 80,
                "ipv6_cidr_blocks": [],
                "prefix_list_ids": [],
                "protocol": "tcp",
                "security_groups": [
                  "sg-0f9b40e009afabf74"
                ],
                "self": false,
                "to_port": 80
              }
            ],
            "name": "app_sg",
            "name_prefix": "",
            "owner_id": "388280496866",
            "revoke_rules_on_delete": false,
            "tags": {},
            "tags_all": {},
            "timeouts": null,
            "vpc_id": "vpc-0a9366d02b041c665"
          },
          "sensitive_attributes": [],
          "private": "eyJlMmJmYjczMC1lY2FhLTExZTYtOGY4OC0zNDM2M2JjN2M0YzAiOnsiY3JlYXRlIjo2MDAwMDAwMDAwMDAsImRlbGV0ZSI6OTAwMDAwMDAwMDAwfSwic2NoZW1hX3ZlcnNpb24iOiIxIn0=",
          "dependencies": [
            "module.alloy_networking.aws_vpc.vpc"
          ],
          "create_before_destroy": true
        }
      ]
    },
    {
      "module": "module.alloy_networking",
      "mode": "managed",
      "type": "aws_security_group",
      "name": "db_sg",
      "provider": "provider[\"registry.terraform.io/hashicorp/aws\"]",
      "instances": [
        {
          "schema_version": 1,
          "attributes": {
            "arn": "arn:aws:ec2:us-east-1:388280496866:security-group/sg-0f8a296d9f5f45925",
            "description": "db sg",
            "egress": [
              {
                "cidr_blocks": [
                  "0.0.0.0/0"
                ],
                "description": "",
                "from_port": 0,
                "ipv6_cidr_blocks": [],
                "prefix_list_ids": [],
                "protocol": "-1",
                "security_groups": [],
                "self": false,
                "to_port": 0
              }
            ],
            "id": "sg-0f8a296d9f5f45925",
            "ingress": [
              {
                "cidr_blocks": [],
                "description": "",
                "from_port": 3306,
                "ipv6_cidr_blocks": [],
                "prefix_list_ids": [],
                "protocol": "tcp",
                "security_groups": [
                  "sg-096aa13391a6ae284"
                ],
                "self": false,
                "to_port": 3306
              }
            ],
            "name": "db_sg",
            "name_prefix": "",
            "owner_id": "388280496866",
            "revoke_rules_on_delete": false,
            "tags": {},
            "tags_all": {},
            "timeouts": null,
            "vpc_id": "vpc-0a9366d02b041c665"
          },
          "sensitive_attributes": [],
          "private": "eyJlMmJmYjczMC1lY2FhLTExZTYtOGY4OC0zNDM2M2JjN2M0YzAiOnsiY3JlYXRlIjo2MDAwMDAwMDAwMDAsImRlbGV0ZSI6OTAwMDAwMDAwMDAwfSwic2NoZW1hX3ZlcnNpb24iOiIxIn0=",
          "dependencies": [
            "module.alloy_networking.aws_vpc.vpc"
          ]
        }
      ]
    },
    {
      "module": "module.alloy_networking",
      "mode": "managed",
      "type": "aws_security_group",
      "name": "web_sg",
      "provider": "provider[\"registry.terraform.io/hashicorp/aws\"]",
      "instances": [
        {
          "schema_version": 1,
          "attributes": {
            "arn": "arn:aws:ec2:us-east-1:388280496866:security-group/sg-0f9b40e009afabf74",
            "description": "web sg",
            "egress": [
              {
                "cidr_blocks": [
                  "0.0.0.0/0"
                ],
                "description": "",
                "from_port": 0,
                "ipv6_cidr_blocks": [],
                "prefix_list_ids": [],
                "protocol": "-1",
                "security_groups": [],
                "self": false,
                "to_port": 0
              }
            ],
            "id": "sg-0f9b40e009afabf74",
            "ingress": [
              {
                "cidr_blocks": [
                  "0.0.0.0/0"
                ],
                "description": "",
                "from_port": 443,
                "ipv6_cidr_blocks": [],
                "prefix_list_ids": [],
                "protocol": "tcp",
                "security_groups": [],
                "self": false,
                "to_port": 443
              },
              {
                "cidr_blocks": [
                  "0.0.0.0/0"
                ],
                "description": "",
                "from_port": 80,
                "ipv6_cidr_blocks": [],
                "prefix_list_ids": [],
                "protocol": "tcp",
                "security_groups": [],
                "self": false,
                "to_port": 80
              }
            ],
            "name": "web_sg",
            "name_prefix": "",
            "owner_id": "388280496866",
            "revoke_rules_on_delete": false,
            "tags": {},
            "tags_all": {},
            "timeouts": null,
            "vpc_id": "vpc-0a9366d02b041c665"
          },
          "sensitive_attributes": [],
          "private": "eyJlMmJmYjczMC1lY2FhLTExZTYtOGY4OC0zNDM2M2JjN2M0YzAiOnsiY3JlYXRlIjo2MDAwMDAwMDAwMDAsImRlbGV0ZSI6OTAwMDAwMDAwMDAwfSwic2NoZW1hX3ZlcnNpb24iOiIxIn0=",
          "dependencies": [
            "module.alloy_networking.aws_vpc.vpc"
          ]
        }
      ]
    },
    {
      "module": "module.alloy_networking",
      "mode": "managed",
      "type": "aws_security_group_rule",
      "name": "app_sg_ingress_http",
      "provider": "provider[\"registry.terraform.io/hashicorp/aws\"]",
      "instances": [
        {
          "schema_version": 2,
          "attributes": {
            "cidr_blocks": [],
            "description": "",
            "from_port": 80,
            "id": "sgrule-1647130128",
            "ipv6_cidr_blocks": [],
            "prefix_list_ids": [],
            "protocol": "tcp",
            "security_group_id": "sg-096aa13391a6ae284",
            "self": false,
            "source_security_group_id": "sg-0f9b40e009afabf74",
            "to_port": 80,
            "type": "ingress"
          },
          "sensitive_attributes": [],
          "private": "eyJzY2hlbWFfdmVyc2lvbiI6IjIifQ==",
          "dependencies": [
            "module.alloy_networking.aws_security_group.app_sg",
            "module.alloy_networking.aws_security_group.web_sg",
            "module.alloy_networking.aws_vpc.vpc"
          ]
        }
      ]
    },
    {
      "module": "module.alloy_networking",
      "mode": "managed",
      "type": "aws_security_group_rule",
      "name": "app_sg_ingress_http_new",
      "provider": "provider[\"registry.terraform.io/hashicorp/aws\"]",
      "instances": [
        {
          "schema_version": 2,
          "attributes": {
            "cidr_blocks": [
              "0.0.0.0/0"
            ],
            "description": "",
            "from_port": 80,
            "id": "sgrule-67909321",
            "ipv6_cidr_blocks": [],
            "prefix_list_ids": [],
            "protocol": "tcp",
            "security_group_id": "sg-096aa13391a6ae284",
            "self": false,
            "source_security_group_id": null,
            "to_port": 80,
            "type": "ingress"
          },
          "sensitive_attributes": [],
          "private": "eyJzY2hlbWFfdmVyc2lvbiI6IjIifQ==",
          "dependencies": [
            "module.alloy_networking.aws_security_group.app_sg",
            "module.alloy_networking.aws_vpc.vpc"
          ]
        }
      ]
    },
    {
      "module": "module.alloy_networking",
      "mode": "managed",
      "type": "aws_security_group_rule",
      "name": "app_sg_ingress_https",
      "provider": "provider[\"registry.terraform.io/hashicorp/aws\"]",
      "instances": [
        {
          "schema_version": 2,
          "attributes": {
            "cidr_blocks": [],
            "description": "",
            "from_port": 443,
            "id": "sgrule-3307606825",
            "ipv6_cidr_blocks": [],
            "prefix_list_ids": [],
            "protocol": "tcp",
            "security_group_id": "sg-096aa13391a6ae284",
            "self": false,
            "source_security_group_id": "sg-0f9b40e009afabf74",
            "to_port": 443,
            "type": "ingress"
          },
          "sensitive_attributes": [],
          "private": "eyJzY2hlbWFfdmVyc2lvbiI6IjIifQ==",
          "dependencies": [
            "module.alloy_networking.aws_security_group.app_sg",
            "module.alloy_networking.aws_security_group.web_sg",
            "module.alloy_networking.aws_vpc.vpc"
          ]
        }
      ]
    },
    {
      "module": "module.alloy_networking",
      "mode": "managed",
      "type": "aws_security_group_rule",
      "name": "app_sg_ingress_https_new",
      "provider": "provider[\"registry.terraform.io/hashicorp/aws\"]",
      "instances": [
        {
          "schema_version": 2,
          "attributes": {
            "cidr_blocks": [
              "0.0.0.0/0"
            ],
            "description": "",
            "from_port": 443,
            "id": "sgrule-1939971936",
            "ipv6_cidr_blocks": [],
            "prefix_list_ids": [],
            "protocol": "tcp",
            "security_group_id": "sg-096aa13391a6ae284",
            "self": false,
            "source_security_group_id": null,
            "to_port": 443,
            "type": "ingress"
          },
          "sensitive_attributes": [],
          "private": "eyJzY2hlbWFfdmVyc2lvbiI6IjIifQ==",
          "dependencies": [
            "module.alloy_networking.aws_security_group.app_sg",
            "module.alloy_networking.aws_vpc.vpc"
          ]
        }
      ]
    },
    {
      "module": "module.alloy_networking",
      "mode": "managed",
      "type": "aws_security_group_rule",
      "name": "app_sg_ingress_new",
      "provider": "provider[\"registry.terraform.io/hashicorp/aws\"]",
      "instances": [
        {
          "schema_version": 2,
          "attributes": {
            "cidr_blocks": [
              "0.0.0.0/0"
            ],
            "description": null,
            "from_port": 8080,
            "id": "sgrule-1430708015",
            "ipv6_cidr_blocks": null,
            "prefix_list_ids": null,
            "protocol": "tcp",
            "security_group_id": "sg-096aa13391a6ae284",
            "self": false,
            "source_security_group_id": null,
            "to_port": 8080,
            "type": "ingress"
          },
          "sensitive_attributes": [],
          "private": "eyJzY2hlbWFfdmVyc2lvbiI6IjIifQ==",
          "dependencies": [
            "module.alloy_networking.aws_security_group.app_sg"
          ]
        }
      ]
    },
    {
      "module": "module.alloy_networking",
      "mode": "managed",
      "type": "aws_security_group_rule",
      "name": "app_sg_out",
      "provider": "provider[\"registry.terraform.io/hashicorp/aws\"]",
      "instances": [
        {
          "schema_version": 2,
          "attributes": {
            "cidr_blocks": [
              "0.0.0.0/0"
            ],
            "description": "",
            "from_port": 0,
            "id": "sgrule-4220772531",
            "ipv6_cidr_blocks": [],
            "prefix_list_ids": [],
            "protocol": "-1",
            "security_group_id": "sg-096aa13391a6ae284",
            "self": false,
            "source_security_group_id": null,
            "to_port": 0,
            "type": "egress"
          },
          "sensitive_attributes": [],
          "private": "eyJzY2hlbWFfdmVyc2lvbiI6IjIifQ==",
          "dependencies": [
            "module.alloy_networking.aws_security_group.app_sg",
            "module.alloy_networking.aws_vpc.vpc"
          ]
        }
      ]
    },
    {
      "module": "module.alloy_networking",
      "mode": "managed",
      "type": "aws_security_group_rule",
      "name": "db_sg_in_rds",
      "provider": "provider[\"registry.terraform.io/hashicorp/aws\"]",
      "instances": [
        {
          "schema_version": 2,
          "attributes": {
            "cidr_blocks": [],
            "description": "",
            "from_port": 3306,
            "id": "sgrule-3046587454",
            "ipv6_cidr_blocks": [],
            "prefix_list_ids": [],
            "protocol": "tcp",
            "security_group_id": "sg-0f8a296d9f5f45925",
            "self": false,
            "source_security_group_id": "sg-096aa13391a6ae284",
            "to_port": 3306,
            "type": "ingress"
          },
          "sensitive_attributes": [],
          "private": "eyJzY2hlbWFfdmVyc2lvbiI6IjIifQ==",
          "dependencies": [
            "module.alloy_networking.aws_security_group.app_sg",
            "module.alloy_networking.aws_security_group.db_sg",
            "module.alloy_networking.aws_vpc.vpc"
          ]
        }
      ]
    },
    {
      "module": "module.alloy_networking",
      "mode": "managed",
      "type": "aws_security_group_rule",
      "name": "db_sg_out",
      "provider": "provider[\"registry.terraform.io/hashicorp/aws\"]",
      "instances": [
        {
          "schema_version": 2,
          "attributes": {
            "cidr_blocks": [
              "0.0.0.0/0"
            ],
            "description": "",
            "from_port": 0,
            "id": "sgrule-3729227478",
            "ipv6_cidr_blocks": [],
            "prefix_list_ids": [],
            "protocol": "-1",
            "security_group_id": "sg-0f8a296d9f5f45925",
            "self": false,
            "source_security_group_id": null,
            "to_port": 0,
            "type": "egress"
          },
          "sensitive_attributes": [],
          "private": "eyJzY2hlbWFfdmVyc2lvbiI6IjIifQ==",
          "dependencies": [
            "module.alloy_networking.aws_security_group.db_sg",
            "module.alloy_networking.aws_vpc.vpc"
          ]
        }
      ]
    },
    {
      "module": "module.alloy_networking",
      "mode": "managed",
      "type": "aws_security_group_rule",
      "name": "web_sg_ingress_http",
      "provider": "provider[\"registry.terraform.io/hashicorp/aws\"]",
      "instances": [
        {
          "schema_version": 2,
          "attributes": {
            "cidr_blocks": [
              "0.0.0.0/0"
            ],
            "description": "",
            "from_port": 80,
            "id": "sgrule-3972616108",
            "ipv6_cidr_blocks": [],
            "prefix_list_ids": [],
            "protocol": "tcp",
            "security_group_id": "sg-0f9b40e009afabf74",
            "self": false,
            "source_security_group_id": null,
            "to_port": 80,
            "type": "ingress"
          },
          "sensitive_attributes": [],
          "private": "eyJzY2hlbWFfdmVyc2lvbiI6IjIifQ==",
          "dependencies": [
            "module.alloy_networking.aws_security_group.web_sg",
            "module.alloy_networking.aws_vpc.vpc"
          ]
        }
      ]
    },
    {
      "module": "module.alloy_networking",
      "mode": "managed",
      "type": "aws_security_group_rule",
      "name": "web_sg_ingress_https",
      "provider": "provider[\"registry.terraform.io/hashicorp/aws\"]",
      "instances": [
        {
          "schema_version": 2,
          "attributes": {
            "cidr_blocks": [
              "0.0.0.0/0"
            ],
            "description": "",
            "from_port": 443,
            "id": "sgrule-1123164639",
            "ipv6_cidr_blocks": [],
            "prefix_list_ids": [],
            "protocol": "tcp",
            "security_group_id": "sg-0f9b40e009afabf74",
            "self": false,
            "source_security_group_id": null,
            "to_port": 443,
            "type": "ingress"
          },
          "sensitive_attributes": [],
          "private": "eyJzY2hlbWFfdmVyc2lvbiI6IjIifQ==",
          "dependencies": [
            "module.alloy_networking.aws_security_group.web_sg",
            "module.alloy_networking.aws_vpc.vpc"
          ]
        }
      ]
    },
    {
      "module": "module.alloy_networking",
      "mode": "managed",
      "type": "aws_security_group_rule",
      "name": "web_sg_out",
      "provider": "provider[\"registry.terraform.io/hashicorp/aws\"]",
      "instances": [
        {
          "schema_version": 2,
          "attributes": {
            "cidr_blocks": [
              "0.0.0.0/0"
            ],
            "description": "",
            "from_port": 0,
            "id": "sgrule-1523098987",
            "ipv6_cidr_blocks": [],
            "prefix_list_ids": [],
            "protocol": "-1",
            "security_group_id": "sg-0f9b40e009afabf74",
            "self": false,
            "source_security_group_id": null,
            "to_port": 0,
            "type": "egress"
          },
          "sensitive_attributes": [],
          "private": "eyJzY2hlbWFfdmVyc2lvbiI6IjIifQ==",
          "dependencies": [
            "module.alloy_networking.aws_security_group.web_sg",
            "module.alloy_networking.aws_vpc.vpc"
          ]
        }
      ]
    },
    {
      "module": "module.alloy_networking",
      "mode": "managed",
      "type": "aws_subnet",
      "name": "app_subnet",
      "provider": "provider[\"registry.terraform.io/hashicorp/aws\"]",
      "instances": [
        {
          "index_key": "us-east-1c",
          "schema_version": 1,
          "attributes": {
            "arn": "arn:aws:ec2:us-east-1:388280496866:subnet/subnet-006277fefa8f2147c",
            "assign_ipv6_address_on_creation": false,
            "availability_zone": "us-east-1c",
            "availability_zone_id": "use1-az6",
            "cidr_block": "10.0.48.0/20",
            "customer_owned_ipv4_pool": "",
            "id": "subnet-006277fefa8f2147c",
            "ipv6_cidr_block": "",
            "ipv6_cidr_block_association_id": "",
            "map_customer_owned_ip_on_launch": false,
            "map_public_ip_on_launch": true,
            "outpost_arn": "",
            "owner_id": "388280496866",
            "tags": {
              "Name": "alloy app subnet"
            },
            "tags_all": {
              "Name": "alloy app subnet"
            },
            "timeouts": null,
            "vpc_id": "vpc-0a9366d02b041c665"
          },
          "sensitive_attributes": [],
          "private": "eyJlMmJmYjczMC1lY2FhLTExZTYtOGY4OC0zNDM2M2JjN2M0YzAiOnsiY3JlYXRlIjo2MDAwMDAwMDAwMDAsImRlbGV0ZSI6MTIwMDAwMDAwMDAwMH0sInNjaGVtYV92ZXJzaW9uIjoiMSJ9",
          "dependencies": [
            "module.alloy_networking.aws_vpc.vpc"
          ]
        },
        {
          "index_key": "us-east-1d",
          "schema_version": 1,
          "attributes": {
            "arn": "arn:aws:ec2:us-east-1:388280496866:subnet/subnet-08eccda35bbd89658",
            "assign_ipv6_address_on_creation": false,
            "availability_zone": "us-east-1d",
            "availability_zone_id": "use1-az1",
            "cidr_block": "10.0.64.0/20",
            "customer_owned_ipv4_pool": "",
            "id": "subnet-08eccda35bbd89658",
            "ipv6_cidr_block": "",
            "ipv6_cidr_block_association_id": "",
            "map_customer_owned_ip_on_launch": false,
            "map_public_ip_on_launch": true,
            "outpost_arn": "",
            "owner_id": "388280496866",
            "tags": {
              "Name": "alloy app subnet"
            },
            "tags_all": {
              "Name": "alloy app subnet"
            },
            "timeouts": null,
            "vpc_id": "vpc-0a9366d02b041c665"
          },
          "sensitive_attributes": [],
          "private": "eyJlMmJmYjczMC1lY2FhLTExZTYtOGY4OC0zNDM2M2JjN2M0YzAiOnsiY3JlYXRlIjo2MDAwMDAwMDAwMDAsImRlbGV0ZSI6MTIwMDAwMDAwMDAwMH0sInNjaGVtYV92ZXJzaW9uIjoiMSJ9",
          "dependencies": [
            "module.alloy_networking.aws_vpc.vpc"
          ]
        }
      ]
    },
    {
      "module": "module.alloy_networking",
      "mode": "managed",
      "type": "aws_subnet",
      "name": "db_subnet",
      "provider": "provider[\"registry.terraform.io/hashicorp/aws\"]",
      "instances": [
        {
          "index_key": "us-east-1c",
          "schema_version": 1,
          "attributes": {
            "arn": "arn:aws:ec2:us-east-1:388280496866:subnet/subnet-0b44dfa7dcbbc1245",
            "assign_ipv6_address_on_creation": false,
            "availability_zone": "us-east-1c",
            "availability_zone_id": "use1-az6",
            "cidr_block": "10.0.80.0/20",
            "customer_owned_ipv4_pool": "",
            "id": "subnet-0b44dfa7dcbbc1245",
            "ipv6_cidr_block": "",
            "ipv6_cidr_block_association_id": "",
            "map_customer_owned_ip_on_launch": false,
            "map_public_ip_on_launch": false,
            "outpost_arn": "",
            "owner_id": "388280496866",
            "tags": {
              "Name": "alloy db subnet"
            },
            "tags_all": {
              "Name": "alloy db subnet"
            },
            "timeouts": null,
            "vpc_id": "vpc-0a9366d02b041c665"
          },
          "sensitive_attributes": [],
          "private": "eyJlMmJmYjczMC1lY2FhLTExZTYtOGY4OC0zNDM2M2JjN2M0YzAiOnsiY3JlYXRlIjo2MDAwMDAwMDAwMDAsImRlbGV0ZSI6MTIwMDAwMDAwMDAwMH0sInNjaGVtYV92ZXJzaW9uIjoiMSJ9",
          "dependencies": [
            "module.alloy_networking.aws_vpc.vpc"
          ]
        },
        {
          "index_key": "us-east-1d",
          "schema_version": 1,
          "attributes": {
            "arn": "arn:aws:ec2:us-east-1:388280496866:subnet/subnet-03cd8e79a269009a9",
            "assign_ipv6_address_on_creation": false,
            "availability_zone": "us-east-1d",
            "availability_zone_id": "use1-az1",
            "cidr_block": "10.0.96.0/20",
            "customer_owned_ipv4_pool": "",
            "id": "subnet-03cd8e79a269009a9",
            "ipv6_cidr_block": "",
            "ipv6_cidr_block_association_id": "",
            "map_customer_owned_ip_on_launch": false,
            "map_public_ip_on_launch": false,
            "outpost_arn": "",
            "owner_id": "388280496866",
            "tags": {
              "Name": "alloy db subnet"
            },
            "tags_all": {
              "Name": "alloy db subnet"
            },
            "timeouts": null,
            "vpc_id": "vpc-0a9366d02b041c665"
          },
          "sensitive_attributes": [],
          "private": "eyJlMmJmYjczMC1lY2FhLTExZTYtOGY4OC0zNDM2M2JjN2M0YzAiOnsiY3JlYXRlIjo2MDAwMDAwMDAwMDAsImRlbGV0ZSI6MTIwMDAwMDAwMDAwMH0sInNjaGVtYV92ZXJzaW9uIjoiMSJ9",
          "dependencies": [
            "module.alloy_networking.aws_vpc.vpc"
          ]
        }
      ]
    },
    {
      "module": "module.alloy_networking",
      "mode": "managed",
      "type": "aws_subnet",
      "name": "web_subnet",
      "provider": "provider[\"registry.terraform.io/hashicorp/aws\"]",
      "instances": [
        {
          "index_key": "us-east-1c",
          "schema_version": 1,
          "attributes": {
            "arn": "arn:aws:ec2:us-east-1:388280496866:subnet/subnet-0cb72284ed0e34cb8",
            "assign_ipv6_address_on_creation": false,
            "availability_zone": "us-east-1c",
            "availability_zone_id": "use1-az6",
            "cidr_block": "10.0.16.0/20",
            "customer_owned_ipv4_pool": "",
            "id": "subnet-0cb72284ed0e34cb8",
            "ipv6_cidr_block": "",
            "ipv6_cidr_block_association_id": "",
            "map_customer_owned_ip_on_launch": false,
            "map_public_ip_on_launch": true,
            "outpost_arn": "",
            "owner_id": "388280496866",
            "tags": {
              "Name": "alloy web subnet"
            },
            "tags_all": {
              "Name": "alloy web subnet"
            },
            "timeouts": null,
            "vpc_id": "vpc-0a9366d02b041c665"
          },
          "sensitive_attributes": [],
          "private": "eyJlMmJmYjczMC1lY2FhLTExZTYtOGY4OC0zNDM2M2JjN2M0YzAiOnsiY3JlYXRlIjo2MDAwMDAwMDAwMDAsImRlbGV0ZSI6MTIwMDAwMDAwMDAwMH0sInNjaGVtYV92ZXJzaW9uIjoiMSJ9",
          "dependencies": [
            "module.alloy_networking.aws_vpc.vpc"
          ]
        },
        {
          "index_key": "us-east-1d",
          "schema_version": 1,
          "attributes": {
            "arn": "arn:aws:ec2:us-east-1:388280496866:subnet/subnet-085b896b0fe5feb41",
            "assign_ipv6_address_on_creation": false,
            "availability_zone": "us-east-1d",
            "availability_zone_id": "use1-az1",
            "cidr_block": "10.0.32.0/20",
            "customer_owned_ipv4_pool": "",
            "id": "subnet-085b896b0fe5feb41",
            "ipv6_cidr_block": "",
            "ipv6_cidr_block_association_id": "",
            "map_customer_owned_ip_on_launch": false,
            "map_public_ip_on_launch": true,
            "outpost_arn": "",
            "owner_id": "388280496866",
            "tags": {
              "Name": "alloy web subnet"
            },
            "tags_all": {
              "Name": "alloy web subnet"
            },
            "timeouts": null,
            "vpc_id": "vpc-0a9366d02b041c665"
          },
          "sensitive_attributes": [],
          "private": "eyJlMmJmYjczMC1lY2FhLTExZTYtOGY4OC0zNDM2M2JjN2M0YzAiOnsiY3JlYXRlIjo2MDAwMDAwMDAwMDAsImRlbGV0ZSI6MTIwMDAwMDAwMDAwMH0sInNjaGVtYV92ZXJzaW9uIjoiMSJ9",
          "dependencies": [
            "module.alloy_networking.aws_vpc.vpc"
          ]
        }
      ]
    },
    {
      "module": "module.alloy_networking",
      "mode": "managed",
      "type": "aws_vpc",
      "name": "vpc",
      "provider": "provider[\"registry.terraform.io/hashicorp/aws\"]",
      "instances": [
        {
          "schema_version": 1,
          "attributes": {
            "arn": "arn:aws:ec2:us-east-1:388280496866:vpc/vpc-0a9366d02b041c665",
            "assign_generated_ipv6_cidr_block": false,
            "cidr_block": "10.0.0.0/16",
            "default_network_acl_id": "acl-08e611c24ca615a1e",
            "default_route_table_id": "rtb-0173862a8e1e2cabc",
            "default_security_group_id": "sg-01d0898717015dd59",
            "dhcp_options_id": "dopt-cdb6ddb4",
            "enable_classiclink": false,
            "enable_classiclink_dns_support": false,
            "enable_dns_hostnames": false,
            "enable_dns_support": true,
            "id": "vpc-0a9366d02b041c665",
            "instance_tenancy": "default",
            "ipv4_ipam_pool_id": null,
            "ipv4_netmask_length": null,
            "ipv6_association_id": "",
            "ipv6_cidr_block": "",
            "ipv6_ipam_pool_id": null,
            "ipv6_netmask_length": null,
            "main_route_table_id": "rtb-0173862a8e1e2cabc",
            "owner_id": "388280496866",
            "tags": {
              "Name": "alloy vpc"
            },
            "tags_all": {
              "Name": "alloy vpc"
            }
          },
          "sensitive_attributes": [],
          "private": "eyJzY2hlbWFfdmVyc2lvbiI6IjEifQ==",
          "create_before_destroy": true
        }
      ]
    },
    {
      "module": "module.alloy_rds",
      "mode": "data",
      "type": "aws_secretsmanager_secret",
      "name": "db_master_secret_new",
      "provider": "provider[\"registry.terraform.io/hashicorp/aws\"]",
      "instances": [
        {
          "schema_version": 0,
          "attributes": {
            "arn": "arn:aws:secretsmanager:us-east-1:388280496866:secret:alloy-db-master-secret-2-eUpYDW",
            "description": "",
            "id": "arn:aws:secretsmanager:us-east-1:388280496866:secret:alloy-db-master-secret-2-eUpYDW",
            "kms_key_id": "",
            "name": "alloy-db-master-secret-2",
            "policy": "",
            "rotation_enabled": false,
            "rotation_lambda_arn": "",
            "rotation_rules": [],
            "tags": {}
          },
          "sensitive_attributes": []
        }
      ]
    },
    {
      "module": "module.alloy_rds",
      "mode": "data",
      "type": "aws_secretsmanager_secret_version",
      "name": "db_master_secret_creds_new",
      "provider": "provider[\"registry.terraform.io/hashicorp/aws\"]",
      "instances": [
        {
          "schema_version": 0,
          "attributes": {
            "arn": "arn:aws:secretsmanager:us-east-1:388280496866:secret:alloy-db-master-secret-2-eUpYDW",
            "id": "arn:aws:secretsmanager:us-east-1:388280496866:secret:alloy-db-master-secret-2-eUpYDW|AWSCURRENT",
            "secret_binary": "",
            "secret_id": "arn:aws:secretsmanager:us-east-1:388280496866:secret:alloy-db-master-secret-2-eUpYDW",
            "secret_string": "   {\r\n   \"username\": \"admin\",\r\n    \"password\": \"YS3UcShdoPmloMei\"\r\n   }\r\n",
            "version_id": "04D88E0E-76F1-43D5-8368-0E7BF711880C",
            "version_stage": "AWSCURRENT",
            "version_stages": [
              "AWSCURRENT"
            ]
          },
          "sensitive_attributes": []
        }
      ]
    },
    {
      "module": "module.alloy_rds",
      "mode": "managed",
      "type": "aws_db_instance",
      "name": "rds_instance",
      "provider": "provider[\"registry.terraform.io/hashicorp/aws\"]",
      "instances": [
        {
          "schema_version": 1,
          "attributes": {
            "address": "alloy-rds-db.ciyjqclexixs.us-east-1.rds.amazonaws.com",
            "allocated_storage": 10,
            "allow_major_version_upgrade": null,
            "apply_immediately": null,
            "arn": "arn:aws:rds:us-east-1:388280496866:db:alloy-rds-db",
            "auto_minor_version_upgrade": true,
            "availability_zone": "us-east-1d",
            "backup_retention_period": 0,
            "backup_window": "07:58-08:28",
            "ca_cert_identifier": "rds-ca-2019",
            "character_set_name": "",
            "copy_tags_to_snapshot": false,
            "customer_owned_ip_enabled": false,
            "db_subnet_group_name": "rds-subnet-group",
            "delete_automated_backups": true,
            "deletion_protection": false,
            "domain": "",
            "domain_iam_role_name": "",
            "enabled_cloudwatch_logs_exports": [
              "audit",
              "error"
            ],
            "endpoint": "alloy-rds-db.ciyjqclexixs.us-east-1.rds.amazonaws.com:3306",
            "engine": "mysql",
            "engine_version": "5.7",
            "engine_version_actual": "5.7.37",
            "final_snapshot_identifier": null,
            "hosted_zone_id": "Z2R2ITUGPM61AM",
            "iam_database_authentication_enabled": false,
            "id": "alloy-rds-db",
            "identifier": "alloy-rds-db",
            "identifier_prefix": null,
            "instance_class": "db.t3.micro",
            "iops": 0,
            "kms_key_id": "arn:aws:kms:us-east-1:388280496866:key/9e987641-a929-473f-8481-b516cc24943e",
            "latest_restorable_time": "0001-01-01T00:00:00Z",
            "license_model": "general-public-license",
            "maintenance_window": "mon:05:11-mon:05:41",
            "max_allocated_storage": 0,
            "monitoring_interval": 0,
            "monitoring_role_arn": "",
            "multi_az": true,
            "name": "AlloyRdsDb",
            "nchar_character_set_name": "",
            "option_group_name": "default:mysql-5-7",
            "parameter_group_name": "default.mysql5.7",
            "password": "YS3UcShdoPmloMei",
            "performance_insights_enabled": false,
            "performance_insights_kms_key_id": "",
            "performance_insights_retention_period": 0,
            "port": 3306,
            "publicly_accessible": false,
            "replica_mode": "",
            "replicas": [],
            "replicate_source_db": "",
            "resource_id": "db-AO4Y6JF6YEYMKJC6NKAKQV7P2E",
            "restore_to_point_in_time": [],
            "s3_import": [],
            "security_group_names": [],
            "skip_final_snapshot": true,
            "snapshot_identifier": null,
            "status": "available",
            "storage_encrypted": true,
            "storage_type": "gp2",
            "tags": {},
            "tags_all": {},
            "timeouts": null,
            "timezone": "",
            "username": "admin",
            "vpc_security_group_ids": [
              "sg-0f8a296d9f5f45925"
            ]
          },
          "sensitive_attributes": [
            [
              {
                "type": "get_attr",
                "value": "username"
              }
            ],
            [
              {
                "type": "get_attr",
                "value": "password"
              }
            ]
          ],
          "private": "eyJlMmJmYjczMC1lY2FhLTExZTYtOGY4OC0zNDM2M2JjN2M0YzAiOnsiY3JlYXRlIjoyNDAwMDAwMDAwMDAwLCJkZWxldGUiOjM2MDAwMDAwMDAwMDAsInVwZGF0ZSI6NDgwMDAwMDAwMDAwMH0sInNjaGVtYV92ZXJzaW9uIjoiMSJ9",
          "dependencies": [
            "module.alloy_networking.aws_security_group.db_sg",
            "module.alloy_networking.aws_subnet.db_subnet",
            "module.alloy_networking.aws_vpc.vpc",
            "module.alloy_rds.aws_db_subnet_group.rds_subnet_group",
            "module.alloy_rds.aws_secretsmanager_secret.db_master_secret_new",
            "module.alloy_rds.data.aws_secretsmanager_secret.db_master_secret_new",
            "module.alloy_rds.data.aws_secretsmanager_secret_version.db_master_secret_creds_new"
          ]
        }
      ]
    },
    {
      "module": "module.alloy_rds",
      "mode": "managed",
      "type": "aws_db_subnet_group",
      "name": "rds_subnet_group",
      "provider": "provider[\"registry.terraform.io/hashicorp/aws\"]",
      "instances": [
        {
          "schema_version": 0,
          "attributes": {
            "arn": "arn:aws:rds:us-east-1:388280496866:subgrp:rds-subnet-group",
            "description": "Managed by Terraform",
            "id": "rds-subnet-group",
            "name": "rds-subnet-group",
            "name_prefix": null,
            "subnet_ids": [
              "subnet-03cd8e79a269009a9",
              "subnet-0b44dfa7dcbbc1245"
            ],
            "tags": {},
            "tags_all": {}
          },
          "sensitive_attributes": [],
          "private": "bnVsbA==",
          "dependencies": [
            "module.alloy_networking.aws_subnet.db_subnet",
            "module.alloy_networking.aws_vpc.vpc"
          ]
        }
      ]
    },
    {
      "module": "module.alloy_rds",
      "mode": "managed",
      "type": "aws_secretsmanager_secret",
      "name": "db_master_secret_new",
      "provider": "provider[\"registry.terraform.io/hashicorp/aws\"]",
      "instances": [
        {
          "schema_version": 0,
          "attributes": {
            "arn": "arn:aws:secretsmanager:us-east-1:388280496866:secret:alloy-db-master-secret-2-eUpYDW",
            "description": "",
            "force_overwrite_replica_secret": false,
            "id": "arn:aws:secretsmanager:us-east-1:388280496866:secret:alloy-db-master-secret-2-eUpYDW",
            "kms_key_id": "",
            "name": "alloy-db-master-secret-2",
            "name_prefix": null,
            "policy": null,
            "recovery_window_in_days": 30,
            "replica": [],
            "rotation_enabled": false,
            "rotation_lambda_arn": "",
            "rotation_rules": [],
            "tags": {},
            "tags_all": {}
          },
          "sensitive_attributes": [],
          "private": "bnVsbA=="
        }
      ]
    },
    {
      "module": "module.alloy_rds",
      "mode": "managed",
      "type": "aws_secretsmanager_secret_version",
      "name": "db_master_secret_version_new",
      "provider": "provider[\"registry.terraform.io/hashicorp/aws\"]",
      "instances": [
        {
          "schema_version": 0,
          "attributes": {
            "arn": "arn:aws:secretsmanager:us-east-1:388280496866:secret:alloy-db-master-secret-2-eUpYDW",
            "id": "arn:aws:secretsmanager:us-east-1:388280496866:secret:alloy-db-master-secret-2-eUpYDW|04D88E0E-76F1-43D5-8368-0E7BF711880C",
            "secret_binary": "",
            "secret_id": "arn:aws:secretsmanager:us-east-1:388280496866:secret:alloy-db-master-secret-2-eUpYDW",
            "secret_string": "   {\r\n   \"username\": \"admin\",\r\n    \"password\": \"YS3UcShdoPmloMei\"\r\n   }\r\n",
            "version_id": "04D88E0E-76F1-43D5-8368-0E7BF711880C",
            "version_stages": [
              "AWSCURRENT"
            ]
          },
          "sensitive_attributes": [
            [
              {
                "type": "get_attr",
                "value": "secret_string"
              }
            ]
          ],
          "private": "bnVsbA==",
          "dependencies": [
            "module.alloy_rds.aws_secretsmanager_secret.db_master_secret_new",
            "module.alloy_rds.random_password.rds_password_new"
          ]
        }
      ]
    },
    {
      "module": "module.alloy_rds",
      "mode": "managed",
      "type": "random_password",
      "name": "rds_password_new",
      "provider": "provider[\"registry.terraform.io/hashicorp/random\"]",
      "instances": [
        {
          "schema_version": 0,
          "attributes": {
            "id": "none",
            "keepers": null,
            "length": 16,
            "lower": true,
            "min_lower": 0,
            "min_numeric": 0,
            "min_special": 0,
            "min_upper": 0,
            "number": true,
            "override_special": null,
            "result": "YS3UcShdoPmloMei",
            "special": false,
            "upper": true
          },
          "sensitive_attributes": [],
          "private": "bnVsbA=="
        }
      ]
    }
  ]
}
